
Microsoft Visual Studio Solution File, Format Version 12.00
# Visual Studio Version 17
VisualStudioVersion = 17.6.33815.320
MinimumVisualStudioVersion = 10.0.40219.1
Project("{9A19103F-16F7-4668-BE54-9A1E7A4F7556}") = "omegaSudoku.Tests", "test\omegaSudoku.Tests\omegaSudoku.Tests.csproj", "{684E3198-8E67-465C-A56F-5DA5F587A728}"
EndProject
Project("{9A19103F-16F7-4668-BE54-9A1E7A4F7556}") = "HoffSudoku", "src\HoffSudoku\HoffSudoku.csproj", "{FF0B3E2A-497D-43A1-8983-B6D0CFB2A2F1}"
EndProject
Global
	GlobalSection(SolutionConfigurationPlatforms) = preSolution
		Debug|Any CPU = Debug|Any CPU
		Release|Any CPU = Release|Any CPU
	EndGlobalSection
	GlobalSection(ProjectConfigurationPlatforms) = postSolution
		{684E3198-8E67-465C-A56F-5DA5F587A728}.Debug|Any CPU.ActiveCfg = Debug|Any CPU
		{684E3198-8E67-465C-A56F-5DA5F587A728}.Debug|Any CPU.Build.0 = Debug|Any CPU
		{684E3198-8E67-465C-A56F-5DA5F587A728}.Release|Any CPU.ActiveCfg = Release|Any CPU
		{684E3198-8E67-465C-A56F-5DA5F587A728}.Release|Any CPU.Build.0 = Release|Any CPU
		{FF0B3E2A-497D-43A1-8983-B6D0CFB2A2F1}.Debug|Any CPU.ActiveCfg = Debug|Any CPU
		{FF0B3E2A-497D-43A1-8983-B6D0CFB2A2F1}.Debug|Any CPU.Build.0 = Debug|Any CPU
		{FF0B3E2A-497D-43A1-8983-B6D0CFB2A2F1}.Release|Any CPU.ActiveCfg = Release|Any CPU
		{FF0B3E2A-497D-43A1-8983-B6D0CFB2A2F1}.Release|Any CPU.Build.0 = Release|Any CPU
	EndGlobalSection
	GlobalSection(SolutionProperties) = preSolution
		HideSolutionNode = FALSE
	EndGlobalSection
	GlobalSection(ExtensibilityGlobals) = postSolution
		SolutionGuid = {496B6CA7-556C-4640-A096-FAB10D40A4A1}
	EndGlobalSection
EndGlobal
